lockVersion: 2.0.0
id: 34eefffd-7ab1-47f5-a2d6-ed3b060612b0
management:
  docChecksum: 16ce920a2df58cfdf1096bad1e071257
  docVersion: 0.1.0
  speakeasyVersion: internal
  generationVersion: 2.250.2
  releaseVersion: 0.0.2
  configChecksum: c45bb8fed7b997a11352a58fc16e9522
  repoURL: https://github.com/inkeep/chat-api-ts.git
  repoSubDirectory: .
  installationURL: https://github.com/inkeep/chat-api-ts
  published: true
features:
  typescript:
    acceptHeaders: 2.81.1
    constsAndDefaults: 0.1.2
    core: 3.4.8
    flattening: 2.81.1
    globalSecurity: 2.82.2
    globalServerURLs: 2.82.1
    serverEvents: 0.1.1
    unions: 2.85.1
generatedFiles:
  - src/sdk/chatsession.ts
  - src/sdk/sdk.ts
  - .eslintrc.js
  - .npmignore
  - RUNTIMES.md
  - package-lock.json
  - package.json
  - src/index.ts
  - src/lib/base64.ts
  - src/lib/config.ts
  - src/lib/encodings.ts
  - src/lib/event-streams.ts
  - src/lib/http.ts
  - src/lib/retries.ts
  - src/lib/sdks.ts
  - src/lib/security.ts
  - src/lib/url.ts
  - src/sdk/index.ts
  - src/models/errors/sdkerror.ts
  - src/types/blobs.ts
  - src/types/decimal.ts
  - src/types/index.ts
  - src/types/operations.ts
  - src/types/rfcdate.ts
  - tsconfig.json
  - src/models/operations/create.ts
  - src/models/operations/continue.ts
  - src/models/components/chatresultstreamevent.ts
  - src/models/components/chatresultmessagechunkevent.ts
  - src/models/components/messagechunk.ts
  - src/models/components/chatresultrecordscitedevent.ts
  - src/models/components/recordscited.ts
  - src/models/components/citation.ts
  - src/models/components/record.ts
  - src/models/components/recordtype.ts
  - src/models/components/chatresult.ts
  - src/models/components/assistantmessageresponse.ts
  - src/models/components/validationerror.ts
  - src/models/components/createchatsessionwithchatresultinput.ts
  - src/models/components/chatsessioninput.ts
  - src/models/components/message.ts
  - src/models/components/usermessage.ts
  - src/models/components/assistantmessage.ts
  - src/models/components/continuechatsessionwithchatresultinput.ts
  - src/models/components/security.ts
  - src/models/errors/httpvalidationerror.ts
  - src/models/errors/index.ts
  - src/models/operations/index.ts
  - src/models/components/index.ts
  - docs/models/operations/createresponse.md
  - docs/models/operations/continuerequest.md
  - docs/models/operations/continueresponse.md
  - docs/models/components/chatresultstreamevent.md
  - docs/models/components/chatresultmessagechunkevent.md
  - docs/models/components/messagechunk.md
  - docs/models/components/chatresultrecordscitedevent.md
  - docs/models/components/recordscited.md
  - docs/models/components/citation.md
  - docs/models/components/recordt.md
  - docs/models/components/recordtypeenumerated.md
  - docs/models/components/recordtype.md
  - docs/models/components/chatresult.md
  - docs/models/components/assistantmessageresponse.md
  - docs/models/components/loc.md
  - docs/models/components/validationerror.md
  - docs/models/components/chatmode.md
  - docs/models/components/createchatsessionwithchatresultinput.md
  - docs/models/components/chatsessioninput.md
  - docs/models/components/message.md
  - docs/models/components/usermessage.md
  - docs/models/components/assistantmessage.md
  - docs/models/components/continuechatsessionwithchatresultinput.md
  - docs/models/components/security.md
  - docs/models/errors/httpvalidationerror.md
  - docs/sdks/inkeepclient/README.md
  - docs/sdks/chatsession/README.md
  - USAGE.md
  - .gitattributes
